
Microsoft Visual Studio Solution File, Format Version 12.00
# Visual Studio Version 17
VisualStudioVersion = 17.7.34031.279
MinimumVisualStudioVersion = 10.0.40219.1
Project("{9A19103F-16F7-4668-BE54-9A1E7A4F7556}") = "HMS", "HMS.csproj", "{BF864DDD-363B-4ECF-ABE0-1FB961CFA856}"
EndProject
Project("{FAE04EC0-301F-11D3-BF4B-00C04F79EFBC}") = "linq", "..\linq\linq.csproj", "{3DEF0C7A-4E34-498D-B866-16C56D8703E1}"
EndProject
Global
	GlobalSection(SolutionConfigurationPlatforms) = preSolution
		Debug|Any CPU = Debug|Any CPU
		Release|Any CPU = Release|Any CPU
	EndGlobalSection
	GlobalSection(ProjectConfigurationPlatforms) = postSolution
		{BF864DDD-363B-4ECF-ABE0-1FB961CFA856}.Debug|Any CPU.ActiveCfg = Debug|Any CPU
		{BF864DDD-363B-4ECF-ABE0-1FB961CFA856}.Debug|Any CPU.Build.0 = Debug|Any CPU
		{BF864DDD-363B-4ECF-ABE0-1FB961CFA856}.Release|Any CPU.ActiveCfg = Release|Any CPU
		{BF864DDD-363B-4ECF-ABE0-1FB961CFA856}.Release|Any CPU.Build.0 = Release|Any CPU
		{3DEF0C7A-4E34-498D-B866-16C56D8703E1}.Debug|Any CPU.ActiveCfg = Debug|Any CPU
		{3DEF0C7A-4E34-498D-B866-16C56D8703E1}.Debug|Any CPU.Build.0 = Debug|Any CPU
		{3DEF0C7A-4E34-498D-B866-16C56D8703E1}.Release|Any CPU.ActiveCfg = Release|Any CPU
		{3DEF0C7A-4E34-498D-B866-16C56D8703E1}.Release|Any CPU.Build.0 = Release|Any CPU
	EndGlobalSection
	GlobalSection(SolutionProperties) = preSolution
		HideSolutionNode = FALSE
	EndGlobalSection
	GlobalSection(ExtensibilityGlobals) = postSolution
		SolutionGuid = {CB72493F-D7CF-45D6-9979-53A7B74E9805}
	EndGlobalSection
EndGlobal
